<?xml version="1.0" encoding="UTF-8" standalone="yes" ?>
<CodeBlocks_project_file>
	<FileVersion major="1" minor="6" />
	<Project>
		<Option title="AdvancedImageSearchLib" />
		<Option pch_mode="2" />
		<Option compiler="gcc" />
		<Build>
			<Target title="Debug">
				<Option output="AdvancedImageSearchLib" prefix_auto="1" extension_auto="1" />
				<Option object_output="obj/Debug/" />
				<Option type="3" />
				<Option compiler="gcc" />
				<Option parameters="-histogram 230 0 0 80 /home/ammar/Downloads/" />
				<Option host_application="/home/ammar/Documents/Programming/AdvancedImageSearch/src/lsimg/lsimg" />
				<Option run_host_application_in_terminal="1" />
				<Option createDefFile="1" />
				<Option createStaticLib="1" />
				<Compiler>
					<Add option="-g" />
					<Add option="-fPIC" />
				</Compiler>
			</Target>
			<Target title="Release">
				<Option output="AdvancedImageSearchLib" prefix_auto="1" extension_auto="1" />
				<Option object_output="obj/Release/" />
				<Option type="3" />
				<Option compiler="gcc" />
				<Option createDefFile="1" />
				<Option createStaticLib="1" />
				<Compiler>
					<Add option="-fexpensive-optimizations" />
					<Add option="-O3" />
					<Add option="-fPIC" />
					<Add option="-march=native" />
					<Add option="-mtune=native" />
				</Compiler>
				<Linker>
					<Add option="-s" />
				</Linker>
			</Target>
		</Build>
		<Compiler>
			<Add option="-Wall" />
			<Add option="-fPIC" />
		</Compiler>
		<Linker>
			<Add option="-lpng" />
			<Add option="-ljpeg" />
		</Linker>
		<Unit filename="AdvancedImageSearchLib.h" />
		<Unit filename="codecs/codecs.c">
			<Option compilerVar="CC" />
		</Unit>
		<Unit filename="codecs/codecs.h" />
		<Unit filename="codecs/jpg.c">
			<Option compilerVar="CC" />
		</Unit>
		<Unit filename="codecs/jpg.h" />
		<Unit filename="codecs/ppm.c">
			<Option compilerVar="CC" />
		</Unit>
		<Unit filename="codecs/ppm.h" />
		<Unit filename="imageResizer.h" />
		<Unit filename="image_processing/histograms.c">
			<Option compilerVar="CC" />
		</Unit>
		<Unit filename="image_processing/histograms.h" />
		<Unit filename="image_processing/imageComparison.c">
			<Option compilerVar="CC" />
		</Unit>
		<Unit filename="image_processing/imageComparison.h" />
		<Unit filename="image_processing/imageResizer.c">
			<Option compilerVar="CC" />
		</Unit>
		<Unit filename="image_processing/imageResizer.h" />
		<Unit filename="main.c">
			<Option compilerVar="CC" />
		</Unit>
		<Unit filename="tools/parameter_parser.c">
			<Option compilerVar="CC" />
		</Unit>
		<Unit filename="tools/parameter_parser.h" />
		<Unit filename="tools/string_extension_scanner.c">
			<Option compilerVar="CC" />
		</Unit>
		<Unit filename="tools/string_extension_scanner.h" />
		<Unit filename="version.h" />
		<Extensions>
			<envvars />
			<AutoVersioning>
				<Scheme minor_max="10" build_max="0" rev_max="0" rev_rand_max="10" build_times_to_increment_minor="100" />
				<Settings autoincrement="1" date_declarations="1" update_manifest="0" do_auto_increment="1" ask_to_increment="0" language="C" svn="0" svn_directory="" header_path="version.h" />
				<Changes_Log show_changes_editor="0" app_title="released version %M.%m.%b of %p" changeslog_path="ChangesLog.txt" />
				<Code header_guard="VERSION_H" namespace="AutoVersion" prefix="" />
			</AutoVersioning>
			<code_completion />
			<debugger />
		</Extensions>
	</Project>
</CodeBlocks_project_file>
